
Microsoft Visual Studio Solution File, Format Version 12.00
# Visual Studio Version 17
VisualStudioVersion = 17.3.32804.467
MinimumVisualStudioVersion = 10.0.40219.1
Project("{9A19103F-16F7-4668-BE54-9A1E7A4F7556}") = "WebAppDETAug2022", "WebAppDETAug2022\WebAppDETAug2022.csproj", "{24E5FC29-7A2C-4149-BD1C-30763F51584A}"
EndProject
Project("{9A19103F-16F7-4668-BE54-9A1E7A4F7556}") = "MVCDemo", "MVCDemo\MVCDemo.csproj", "{ECC28B71-32FC-4E47-BDA9-80B14091E58D}"
EndProject
Project("{9A19103F-16F7-4668-BE54-9A1E7A4F7556}") = "ContosoUniversity", "ContosoUniversity\ContosoUniversity.csproj", "{FEA1B104-D1F1-47C7-857C-E481F353728E}"
EndProject
Project("{9A19103F-16F7-4668-BE54-9A1E7A4F7556}") = "APIWeb", "APIWeb\APIWeb.csproj", "{01EF4F41-B51D-41FA-8903-7F05089D886F}"
EndProject
Project("{9A19103F-16F7-4668-BE54-9A1E7A4F7556}") = "ConsoleAPIClient", "ConsoleAPIClient\ConsoleAPIClient.csproj", "{72DFAA30-F439-4034-BF00-4D64D52B1963}"
EndProject
Project("{9A19103F-16F7-4668-BE54-9A1E7A4F7556}") = "ODataDemo", "ODataDemo\ODataDemo.csproj", "{1F16136F-FD87-4BBD-9CB6-23EAD5E5E09B}"
EndProject
Project("{FAE04EC0-301F-11D3-BF4B-00C04F79EFBC}") = "Bank", "Bank\Bank.csproj", "{BC81427C-241D-4B2F-A5FB-CF87742BDC29}"
EndProject
Project("{FAE04EC0-301F-11D3-BF4B-00C04F79EFBC}") = "BankTests", "BankTests\BankTests.csproj", "{B4C0D20F-DDBF-4A60-99E4-9924C47EAA63}"
EndProject
Project("{FAE04EC0-301F-11D3-BF4B-00C04F79EFBC}") = "MyFirstUnitTests", "MyFirstUnitTests\MyFirstUnitTests.csproj", "{EFB57C54-2F53-44A6-B9CF-7035CAC6A180}"
EndProject
Project("{FAE04EC0-301F-11D3-BF4B-00C04F79EFBC}") = "TDDDemo", "TDDDemo\TDDDemo.csproj", "{8966DB51-7308-4CA6-BE45-56A9F415590A}"
EndProject
Project("{FAE04EC0-301F-11D3-BF4B-00C04F79EFBC}") = "LibApi", "LibApi\LibApi.csproj", "{0E437488-5A83-4B49-91F9-CD66CC1E66E8}"
EndProject
Project("{FAE04EC0-301F-11D3-BF4B-00C04F79EFBC}") = "BookTest", "BookTest\BookTest.csproj", "{E267798E-0CB1-43C8-AF51-263B8F62FFA6}"
EndProject
Global
	GlobalSection(SolutionConfigurationPlatforms) = preSolution
		Debug|Any CPU = Debug|Any CPU
		Release|Any CPU = Release|Any CPU
	EndGlobalSection
	GlobalSection(ProjectConfigurationPlatforms) = postSolution
		{24E5FC29-7A2C-4149-BD1C-30763F51584A}.Debug|Any CPU.ActiveCfg = Debug|Any CPU
		{24E5FC29-7A2C-4149-BD1C-30763F51584A}.Debug|Any CPU.Build.0 = Debug|Any CPU
		{24E5FC29-7A2C-4149-BD1C-30763F51584A}.Release|Any CPU.ActiveCfg = Release|Any CPU
		{24E5FC29-7A2C-4149-BD1C-30763F51584A}.Release|Any CPU.Build.0 = Release|Any CPU
		{ECC28B71-32FC-4E47-BDA9-80B14091E58D}.Debug|Any CPU.ActiveCfg = Debug|Any CPU
		{ECC28B71-32FC-4E47-BDA9-80B14091E58D}.Debug|Any CPU.Build.0 = Debug|Any CPU
		{ECC28B71-32FC-4E47-BDA9-80B14091E58D}.Release|Any CPU.ActiveCfg = Release|Any CPU
		{ECC28B71-32FC-4E47-BDA9-80B14091E58D}.Release|Any CPU.Build.0 = Release|Any CPU
		{FEA1B104-D1F1-47C7-857C-E481F353728E}.Debug|Any CPU.ActiveCfg = Debug|Any CPU
		{FEA1B104-D1F1-47C7-857C-E481F353728E}.Debug|Any CPU.Build.0 = Debug|Any CPU
		{FEA1B104-D1F1-47C7-857C-E481F353728E}.Release|Any CPU.ActiveCfg = Release|Any CPU
		{FEA1B104-D1F1-47C7-857C-E481F353728E}.Release|Any CPU.Build.0 = Release|Any CPU
		{01EF4F41-B51D-41FA-8903-7F05089D886F}.Debug|Any CPU.ActiveCfg = Debug|Any CPU
		{01EF4F41-B51D-41FA-8903-7F05089D886F}.Debug|Any CPU.Build.0 = Debug|Any CPU
		{01EF4F41-B51D-41FA-8903-7F05089D886F}.Release|Any CPU.ActiveCfg = Release|Any CPU
		{01EF4F41-B51D-41FA-8903-7F05089D886F}.Release|Any CPU.Build.0 = Release|Any CPU
		{72DFAA30-F439-4034-BF00-4D64D52B1963}.Debug|Any CPU.ActiveCfg = Debug|Any CPU
		{72DFAA30-F439-4034-BF00-4D64D52B1963}.Debug|Any CPU.Build.0 = Debug|Any CPU
		{72DFAA30-F439-4034-BF00-4D64D52B1963}.Release|Any CPU.ActiveCfg = Release|Any CPU
		{72DFAA30-F439-4034-BF00-4D64D52B1963}.Release|Any CPU.Build.0 = Release|Any CPU
		{1F16136F-FD87-4BBD-9CB6-23EAD5E5E09B}.Debug|Any CPU.ActiveCfg = Debug|Any CPU
		{1F16136F-FD87-4BBD-9CB6-23EAD5E5E09B}.Debug|Any CPU.Build.0 = Debug|Any CPU
		{1F16136F-FD87-4BBD-9CB6-23EAD5E5E09B}.Release|Any CPU.ActiveCfg = Release|Any CPU
		{1F16136F-FD87-4BBD-9CB6-23EAD5E5E09B}.Release|Any CPU.Build.0 = Release|Any CPU
		{BC81427C-241D-4B2F-A5FB-CF87742BDC29}.Debug|Any CPU.ActiveCfg = Debug|Any CPU
		{BC81427C-241D-4B2F-A5FB-CF87742BDC29}.Debug|Any CPU.Build.0 = Debug|Any CPU
		{BC81427C-241D-4B2F-A5FB-CF87742BDC29}.Release|Any CPU.ActiveCfg = Release|Any CPU
		{BC81427C-241D-4B2F-A5FB-CF87742BDC29}.Release|Any CPU.Build.0 = Release|Any CPU
		{B4C0D20F-DDBF-4A60-99E4-9924C47EAA63}.Debug|Any CPU.ActiveCfg = Debug|Any CPU
		{B4C0D20F-DDBF-4A60-99E4-9924C47EAA63}.Debug|Any CPU.Build.0 = Debug|Any CPU
		{B4C0D20F-DDBF-4A60-99E4-9924C47EAA63}.Release|Any CPU.ActiveCfg = Release|Any CPU
		{B4C0D20F-DDBF-4A60-99E4-9924C47EAA63}.Release|Any CPU.Build.0 = Release|Any CPU
		{EFB57C54-2F53-44A6-B9CF-7035CAC6A180}.Debug|Any CPU.ActiveCfg = Debug|Any CPU
		{EFB57C54-2F53-44A6-B9CF-7035CAC6A180}.Debug|Any CPU.Build.0 = Debug|Any CPU
		{EFB57C54-2F53-44A6-B9CF-7035CAC6A180}.Release|Any CPU.ActiveCfg = Release|Any CPU
		{EFB57C54-2F53-44A6-B9CF-7035CAC6A180}.Release|Any CPU.Build.0 = Release|Any CPU
		{8966DB51-7308-4CA6-BE45-56A9F415590A}.Debug|Any CPU.ActiveCfg = Debug|Any CPU
		{8966DB51-7308-4CA6-BE45-56A9F415590A}.Debug|Any CPU.Build.0 = Debug|Any CPU
		{8966DB51-7308-4CA6-BE45-56A9F415590A}.Release|Any CPU.ActiveCfg = Release|Any CPU
		{8966DB51-7308-4CA6-BE45-56A9F415590A}.Release|Any CPU.Build.0 = Release|Any CPU
		{0E437488-5A83-4B49-91F9-CD66CC1E66E8}.Debug|Any CPU.ActiveCfg = Debug|Any CPU
		{0E437488-5A83-4B49-91F9-CD66CC1E66E8}.Debug|Any CPU.Build.0 = Debug|Any CPU
		{0E437488-5A83-4B49-91F9-CD66CC1E66E8}.Release|Any CPU.ActiveCfg = Release|Any CPU
		{0E437488-5A83-4B49-91F9-CD66CC1E66E8}.Release|Any CPU.Build.0 = Release|Any CPU
		{E267798E-0CB1-43C8-AF51-263B8F62FFA6}.Debug|Any CPU.ActiveCfg = Debug|Any CPU
		{E267798E-0CB1-43C8-AF51-263B8F62FFA6}.Debug|Any CPU.Build.0 = Debug|Any CPU
		{E267798E-0CB1-43C8-AF51-263B8F62FFA6}.Release|Any CPU.ActiveCfg = Release|Any CPU
		{E267798E-0CB1-43C8-AF51-263B8F62FFA6}.Release|Any CPU.Build.0 = Release|Any CPU
	EndGlobalSection
	GlobalSection(SolutionProperties) = preSolution
		HideSolutionNode = FALSE
	EndGlobalSection
	GlobalSection(ExtensibilityGlobals) = postSolution
		SolutionGuid = {1969C496-8AD3-451D-A6F9-688B1BECEDBA}
	EndGlobalSection
EndGlobal
